
Microsoft Visual Studio Solution File, Format Version 12.00
# Visual Studio Version 17
VisualStudioVersion = 17.3.32825.248
MinimumVisualStudioVersion = 10.0.40219.1
Project("{FAE04EC0-301F-11D3-BF4B-00C04F79EFBC}") = "Figures", "CalculateArea\Figures.csproj", "{A6D25CD6-3701-451D-A9E0-E4DB0EB03518}"
EndProject
Project("{FAE04EC0-301F-11D3-BF4B-00C04F79EFBC}") = "App", "TestingFiguresLibrary\App.csproj", "{63E699B7-6E70-49DB-ADD6-70C1A6CDBDB3}"
EndProject
Project("{FAE04EC0-301F-11D3-BF4B-00C04F79EFBC}") = "Tests", "Tests\Tests.csproj", "{4B71D05A-7A56-41B3-80C8-4C6533638FE8}"
EndProject
Global
	GlobalSection(SolutionConfigurationPlatforms) = preSolution
		Debug|Any CPU = Debug|Any CPU
		Release|Any CPU = Release|Any CPU
	EndGlobalSection
	GlobalSection(ProjectConfigurationPlatforms) = postSolution
		{A6D25CD6-3701-451D-A9E0-E4DB0EB03518}.Debug|Any CPU.ActiveCfg = Debug|Any CPU
		{A6D25CD6-3701-451D-A9E0-E4DB0EB03518}.Debug|Any CPU.Build.0 = Debug|Any CPU
		{A6D25CD6-3701-451D-A9E0-E4DB0EB03518}.Release|Any CPU.ActiveCfg = Release|Any CPU
		{A6D25CD6-3701-451D-A9E0-E4DB0EB03518}.Release|Any CPU.Build.0 = Release|Any CPU
		{63E699B7-6E70-49DB-ADD6-70C1A6CDBDB3}.Debug|Any CPU.ActiveCfg = Debug|Any CPU
		{63E699B7-6E70-49DB-ADD6-70C1A6CDBDB3}.Debug|Any CPU.Build.0 = Debug|Any CPU
		{63E699B7-6E70-49DB-ADD6-70C1A6CDBDB3}.Release|Any CPU.ActiveCfg = Release|Any CPU
		{63E699B7-6E70-49DB-ADD6-70C1A6CDBDB3}.Release|Any CPU.Build.0 = Release|Any CPU
		{4B71D05A-7A56-41B3-80C8-4C6533638FE8}.Debug|Any CPU.ActiveCfg = Debug|Any CPU
		{4B71D05A-7A56-41B3-80C8-4C6533638FE8}.Debug|Any CPU.Build.0 = Debug|Any CPU
		{4B71D05A-7A56-41B3-80C8-4C6533638FE8}.Release|Any CPU.ActiveCfg = Release|Any CPU
		{4B71D05A-7A56-41B3-80C8-4C6533638FE8}.Release|Any CPU.Build.0 = Release|Any CPU
	EndGlobalSection
	GlobalSection(SolutionProperties) = preSolution
		HideSolutionNode = FALSE
	EndGlobalSection
	GlobalSection(ExtensibilityGlobals) = postSolution
		SolutionGuid = {94CC85F0-6DBD-461B-BC3F-044E39932C11}
	EndGlobalSection
EndGlobal
