
Microsoft Visual Studio Solution File, Format Version 12.00
# Visual Studio Version 17
VisualStudioVersion = 17.3.32825.248
MinimumVisualStudioVersion = 10.0.40219.1
Project("{9A19103F-16F7-4668-BE54-9A1E7A4F7556}") = "Tests", "Tests\Tests.csproj", "{4B71D05A-7A56-41B3-80C8-4C6533638FE8}"
EndProject
Project("{9A19103F-16F7-4668-BE54-9A1E7A4F7556}") = "Figures", "Figures\Figures.csproj", "{483ADE87-E5B9-4273-B0EA-E4151588AF96}"
EndProject
Project("{9A19103F-16F7-4668-BE54-9A1E7A4F7556}") = "App", "App\App.csproj", "{95672E1B-7569-4A53-881A-688DE45754BF}"
EndProject
Global
	GlobalSection(SolutionConfigurationPlatforms) = preSolution
		Debug|Any CPU = Debug|Any CPU
		Release|Any CPU = Release|Any CPU
	EndGlobalSection
	GlobalSection(ProjectConfigurationPlatforms) = postSolution
		{4B71D05A-7A56-41B3-80C8-4C6533638FE8}.Debug|Any CPU.ActiveCfg = Debug|Any CPU
		{4B71D05A-7A56-41B3-80C8-4C6533638FE8}.Debug|Any CPU.Build.0 = Debug|Any CPU
		{4B71D05A-7A56-41B3-80C8-4C6533638FE8}.Release|Any CPU.ActiveCfg = Release|Any CPU
		{4B71D05A-7A56-41B3-80C8-4C6533638FE8}.Release|Any CPU.Build.0 = Release|Any CPU
		{483ADE87-E5B9-4273-B0EA-E4151588AF96}.Debug|Any CPU.ActiveCfg = Debug|Any CPU
		{483ADE87-E5B9-4273-B0EA-E4151588AF96}.Debug|Any CPU.Build.0 = Debug|Any CPU
		{483ADE87-E5B9-4273-B0EA-E4151588AF96}.Release|Any CPU.ActiveCfg = Release|Any CPU
		{483ADE87-E5B9-4273-B0EA-E4151588AF96}.Release|Any CPU.Build.0 = Release|Any CPU
		{95672E1B-7569-4A53-881A-688DE45754BF}.Debug|Any CPU.ActiveCfg = Debug|Any CPU
		{95672E1B-7569-4A53-881A-688DE45754BF}.Debug|Any CPU.Build.0 = Debug|Any CPU
		{95672E1B-7569-4A53-881A-688DE45754BF}.Release|Any CPU.ActiveCfg = Release|Any CPU
		{95672E1B-7569-4A53-881A-688DE45754BF}.Release|Any CPU.Build.0 = Release|Any CPU
	EndGlobalSection
	GlobalSection(SolutionProperties) = preSolution
		HideSolutionNode = FALSE
	EndGlobalSection
	GlobalSection(ExtensibilityGlobals) = postSolution
		SolutionGuid = {94CC85F0-6DBD-461B-BC3F-044E39932C11}
	EndGlobalSection
EndGlobal
